<?xml version="1.0" encoding="utf-8"?>
<Project ToolsVersion="4.0" xmlns="http://schemas.microsoft.com/developer/msbuild/2003">
  <ItemGroup>
    <ClCompile Include="main.cpp" />
    <ClCompile Include="src\audio\Music.cpp" />
    <ClCompile Include="src\audio\Sound.cpp" />
    <ClCompile Include="src\entities\NPC.cpp" />
    <ClCompile Include="src\entities\Player.cpp" />
    <ClCompile Include="src\entities\Pokeball.cpp" />
    <ClCompile Include="src\entities\Pokemon.cpp" />
    <ClCompile Include="src\entities\TexturedElement.cpp" />
    <ClCompile Include="src\Game.cpp" />
    <ClCompile Include="src\map\db_perlin.cpp" />
    <ClCompile Include="src\map\MapGenerator.cpp" />
    <ClCompile Include="src\data\DataManager.cpp" />
    <ClCompile Include="src\view\Button.cpp" />
    <ClCompile Include="src\view\InventoryMenu.cpp" />
    <ClCompile Include="src\view\MainWindow.cpp" />
    <ClCompile Include="src\view\Menu.cpp" />
    <ClCompile Include="src\view\SettingsMenu.cpp" />
    <ClCompile Include="src\view\CombatMenu.cpp" />
  </ItemGroup>
  <ItemGroup>
    <ClInclude Include="include\audio\Music.h" />
    <ClInclude Include="include\audio\Sound.h" />
    <ClInclude Include="include\entities\NPC.h" />
    <ClInclude Include="include\entities\Player.h" />
    <ClInclude Include="include\entities\Pokeball.h" />
    <ClInclude Include="include\entities\Pokemon.h" />
    <ClInclude Include="include\entities\TexturedElement.h" />
    <ClInclude Include="include\Game.h" />
    <ClInclude Include="include\data\DataManager.h" />
    <ClInclude Include="include\data\json.hpp" />
    <ClInclude Include="include\map\db_perlin.hpp" />
    <ClInclude Include="include\map\MapGenerator.h" />
    <ClInclude Include="include\map\TileMap.h" />
    <ClInclude Include="include\Structures.h" />
    <ClInclude Include="include\view\Button.h" />
    <ClInclude Include="include\view\MainWindow.h" />
    <ClInclude Include="include\view\CombatMenu.h" />
    <ClInclude Include="include\data\Types.h" />
  </ItemGroup>
  <ItemGroup>
    <Media Include="assets\audio\atk_effect.wav" />
    <Media Include="assets\audio\heal_effect.wav" />
    <Media Include="assets\audio\menu_sound_effect.wav" />
    <Media Include="assets\audio\start_battle.wav" />
    <Media Include="assets\audio\win_battle.wav" />
  </ItemGroup>
  <ItemGroup>
    <Image Include="assets\inventoryBackground.png" />
    <Image Include="assets\items.png" />
    <Image Include="assets\menuBackground.jpg" />
    <Image Include="assets\pixil-frame-0.png" />
    <Image Include="assets\pixil-frame-1.png" />
    <Image Include="assets\sacha.png" />
    <Image Include="assets\combat.png" />
    <Image Include="assets\images\pokedex\sprites\001.png" />
    <Image Include="assets\images\pokedex\sprites\002.png" />
    <Image Include="assets\images\pokedex\sprites\003.png" />
    <Image Include="assets\images\pokedex\sprites\004.png" />
    <Image Include="assets\images\pokedex\sprites\005.png" />
    <Image Include="assets\images\pokedex\sprites\006.png" />
    <Image Include="assets\images\pokedex\sprites\007.png" />
    <Image Include="assets\images\pokedex\sprites\008.png" />
    <Image Include="assets\images\pokedex\sprites\009.png" />
    <Image Include="assets\images\pokedex\sprites\010.png" />
    <Image Include="assets\images\pokedex\sprites\011.png" />
    <Image Include="assets\images\pokedex\sprites\012.png" />
    <Image Include="assets\images\pokedex\sprites\013.png" />
    <Image Include="assets\images\pokedex\sprites\014.png" />
    <Image Include="assets\images\pokedex\sprites\015.png" />
    <Image Include="assets\images\pokedex\sprites\016.png" />
    <Image Include="assets\images\pokedex\sprites\017.png" />
    <Image Include="assets\images\pokedex\sprites\018.png" />
    <Image Include="assets\images\pokedex\sprites\019.png" />
    <Image Include="assets\images\pokedex\sprites\020.png" />
    <Image Include="assets\images\pokedex\sprites\021.png" />
    <Image Include="assets\images\pokedex\sprites\022.png" />
    <Image Include="assets\images\pokedex\sprites\023.png" />
    <Image Include="assets\images\pokedex\sprites\024.png" />
    <Image Include="assets\images\pokedex\sprites\025.png" />
    <Image Include="assets\images\pokedex\sprites\026.png" />
    <Image Include="assets\images\pokedex\sprites\027.png" />
    <Image Include="assets\images\pokedex\sprites\028.png" />
    <Image Include="assets\images\pokedex\sprites\029.png" />
    <Image Include="assets\images\pokedex\sprites\030.png" />
    <Image Include="assets\images\pokedex\sprites\031.png" />
    <Image Include="assets\images\pokedex\sprites\032.png" />
    <Image Include="assets\images\pokedex\sprites\033.png" />
    <Image Include="assets\images\pokedex\sprites\034.png" />
    <Image Include="assets\images\pokedex\sprites\035.png" />
    <Image Include="assets\images\pokedex\sprites\036.png" />
    <Image Include="assets\images\pokedex\sprites\037.png" />
    <Image Include="assets\images\pokedex\sprites\038.png" />
    <Image Include="assets\images\pokedex\sprites\039.png" />
    <Image Include="assets\images\pokedex\sprites\040.png" />
    <Image Include="assets\images\pokedex\sprites\041.png" />
    <Image Include="assets\images\pokedex\sprites\042.png" />
    <Image Include="assets\images\pokedex\sprites\043.png" />
    <Image Include="assets\images\pokedex\sprites\044.png" />
    <Image Include="assets\images\pokedex\sprites\045.png" />
    <Image Include="assets\images\pokedex\sprites\046.png" />
    <Image Include="assets\images\pokedex\sprites\047.png" />
    <Image Include="assets\images\pokedex\sprites\048.png" />
    <Image Include="assets\images\pokedex\sprites\049.png" />
    <Image Include="assets\images\pokedex\sprites\050.png" />
    <Image Include="assets\images\pokedex\sprites\051.png" />
    <Image Include="assets\images\pokedex\sprites\052.png" />
    <Image Include="assets\images\pokedex\sprites\053.png" />
    <Image Include="assets\images\pokedex\sprites\054.png" />
    <Image Include="assets\images\pokedex\sprites\055.png" />
    <Image Include="assets\images\pokedex\sprites\056.png" />
    <Image Include="assets\images\pokedex\sprites\057.png" />
    <Image Include="assets\images\pokedex\sprites\058.png" />
    <Image Include="assets\images\pokedex\sprites\059.png" />
    <Image Include="assets\images\pokedex\sprites\060.png" />
    <Image Include="assets\images\pokedex\sprites\061.png" />
    <Image Include="assets\images\pokedex\sprites\062.png" />
    <Image Include="assets\images\pokedex\sprites\063.png" />
    <Image Include="assets\images\pokedex\sprites\064.png" />
    <Image Include="assets\images\pokedex\sprites\065.png" />
    <Image Include="assets\images\pokedex\sprites\066.png" />
    <Image Include="assets\images\pokedex\sprites\067.png" />
    <Image Include="assets\images\pokedex\sprites\068.png" />
    <Image Include="assets\images\pokedex\sprites\069.png" />
    <Image Include="assets\images\pokedex\sprites\070.png" />
    <Image Include="assets\images\pokedex\sprites\071.png" />
    <Image Include="assets\images\pokedex\sprites\072.png" />
    <Image Include="assets\images\pokedex\sprites\073.png" />
    <Image Include="assets\images\pokedex\sprites\074.png" />
    <Image Include="assets\images\pokedex\sprites\075.png" />
    <Image Include="assets\images\pokedex\sprites\076.png" />
    <Image Include="assets\images\pokedex\sprites\077.png" />
    <Image Include="assets\images\pokedex\sprites\078.png" />
    <Image Include="assets\images\pokedex\sprites\079.png" />
    <Image Include="assets\images\pokedex\sprites\080.png" />
    <Image Include="assets\images\pokedex\sprites\081.png" />
    <Image Include="assets\images\pokedex\sprites\082.png" />
    <Image Include="assets\images\pokedex\sprites\083.png" />
    <Image Include="assets\images\pokedex\sprites\084.png" />
    <Image Include="assets\images\pokedex\sprites\085.png" />
    <Image Include="assets\images\pokedex\sprites\086.png" />
    <Image Include="assets\images\pokedex\sprites\087.png" />
    <Image Include="assets\images\pokedex\sprites\088.png" />
    <Image Include="assets\images\pokedex\sprites\089.png" />
    <Image Include="assets\images\pokedex\sprites\090.png" />
    <Image Include="assets\images\pokedex\sprites\091.png" />
    <Image Include="assets\images\pokedex\sprites\092.png" />
    <Image Include="assets\images\pokedex\sprites\093.png" />
    <Image Include="assets\images\pokedex\sprites\094.png" />
    <Image Include="assets\images\pokedex\sprites\095.png" />
    <Image Include="assets\images\pokedex\sprites\096.png" />
    <Image Include="assets\images\pokedex\sprites\097.png" />
    <Image Include="assets\images\pokedex\sprites\098.png" />
    <Image Include="assets\images\pokedex\sprites\099.png" />
    <Image Include="assets\images\pokedex\sprites\100.png" />
    <Image Include="assets\images\pokedex\sprites\101.png" />
    <Image Include="assets\images\pokedex\sprites\102.png" />
    <Image Include="assets\images\pokedex\sprites\103.png" />
    <Image Include="assets\images\pokedex\sprites\104.png" />
    <Image Include="assets\images\pokedex\sprites\105.png" />
    <Image Include="assets\images\pokedex\sprites\106.png" />
    <Image Include="assets\images\pokedex\sprites\107.png" />
    <Image Include="assets\images\pokedex\sprites\108.png" />
    <Image Include="assets\images\pokedex\sprites\109.png" />
    <Image Include="assets\images\pokedex\sprites\110.png" />
    <Image Include="assets\images\pokedex\sprites\111.png" />
    <Image Include="assets\images\pokedex\sprites\112.png" />
    <Image Include="assets\images\pokedex\sprites\113.png" />
    <Image Include="assets\images\pokedex\sprites\114.png" />
    <Image Include="assets\images\pokedex\sprites\115.png" />
    <Image Include="assets\images\pokedex\sprites\116.png" />
    <Image Include="assets\images\pokedex\sprites\117.png" />
    <Image Include="assets\images\pokedex\sprites\118.png" />
    <Image Include="assets\images\pokedex\sprites\119.png" />
    <Image Include="assets\images\pokedex\sprites\120.png" />
    <Image Include="assets\images\pokedex\sprites\121.png" />
    <Image Include="assets\images\pokedex\sprites\122.png" />
    <Image Include="assets\images\pokedex\sprites\123.png" />
    <Image Include="assets\images\pokedex\sprites\124.png" />
    <Image Include="assets\images\pokedex\sprites\125.png" />
    <Image Include="assets\images\pokedex\sprites\126.png" />
    <Image Include="assets\images\pokedex\sprites\127.png" />
    <Image Include="assets\images\pokedex\sprites\128.png" />
    <Image Include="assets\images\pokedex\sprites\129.png" />
    <Image Include="assets\images\pokedex\sprites\130.png" />
    <Image Include="assets\images\pokedex\sprites\131.png" />
    <Image Include="assets\images\pokedex\sprites\132.png" />
    <Image Include="assets\images\pokedex\sprites\133.png" />
    <Image Include="assets\images\pokedex\sprites\134.png" />
    <Image Include="assets\images\pokedex\sprites\135.png" />
    <Image Include="assets\images\pokedex\sprites\136.png" />
    <Image Include="assets\images\pokedex\sprites\137.png" />
    <Image Include="assets\images\pokedex\sprites\138.png" />
    <Image Include="assets\images\pokedex\sprites\139.png" />
    <Image Include="assets\images\pokedex\sprites\140.png" />
    <Image Include="assets\images\pokedex\sprites\141.png" />
    <Image Include="assets\images\pokedex\sprites\142.png" />
    <Image Include="assets\images\pokedex\sprites\143.png" />
    <Image Include="assets\images\pokedex\sprites\144.png" />
    <Image Include="assets\images\pokedex\sprites\145.png" />
    <Image Include="assets\images\pokedex\sprites\146.png" />
    <Image Include="assets\images\pokedex\sprites\147.png" />
    <Image Include="assets\images\pokedex\sprites\148.png" />
    <Image Include="assets\images\pokedex\sprites\149.png" />
    <Image Include="assets\images\pokedex\sprites\150.png" />
    <Image Include="assets\images\pokedex\sprites\151.png" />
    <Image Include="assets\images\pokedex\sprites\152.png" />
    <Image Include="assets\images\pokedex\sprites\153.png" />
    <Image Include="assets\images\pokedex\sprites\154.png" />
    <Image Include="assets\images\pokedex\sprites\155.png" />
    <Image Include="assets\images\pokedex\sprites\156.png" />
    <Image Include="assets\images\pokedex\sprites\157.png" />
    <Image Include="assets\images\pokedex\sprites\158.png" />
    <Image Include="assets\images\pokedex\sprites\159.png" />
    <Image Include="assets\images\pokedex\sprites\160.png" />
    <Image Include="assets\images\pokedex\sprites\161.png" />
    <Image Include="assets\images\pokedex\sprites\162.png" />
    <Image Include="assets\images\pokedex\sprites\163.png" />
    <Image Include="assets\images\pokedex\sprites\164.png" />
    <Image Include="assets\images\pokedex\sprites\165.png" />
    <Image Include="assets\images\pokedex\sprites\166.png" />
    <Image Include="assets\images\pokedex\sprites\167.png" />
    <Image Include="assets\images\pokedex\sprites\168.png" />
    <Image Include="assets\images\pokedex\sprites\169.png" />
    <Image Include="assets\images\pokedex\sprites\170.png" />
    <Image Include="assets\images\pokedex\sprites\171.png" />
    <Image Include="assets\images\pokedex\sprites\172.png" />
    <Image Include="assets\images\pokedex\sprites\173.png" />
    <Image Include="assets\images\pokedex\sprites\174.png" />
    <Image Include="assets\images\pokedex\sprites\175.png" />
    <Image Include="assets\images\pokedex\sprites\176.png" />
    <Image Include="assets\images\pokedex\sprites\177.png" />
    <Image Include="assets\images\pokedex\sprites\178.png" />
    <Image Include="assets\images\pokedex\sprites\179.png" />
    <Image Include="assets\images\pokedex\sprites\180.png" />
    <Image Include="assets\images\pokedex\sprites\181.png" />
    <Image Include="assets\images\pokedex\sprites\182.png" />
    <Image Include="assets\images\pokedex\sprites\183.png" />
    <Image Include="assets\images\pokedex\sprites\184.png" />
    <Image Include="assets\images\pokedex\sprites\185.png" />
    <Image Include="assets\images\pokedex\sprites\186.png" />
    <Image Include="assets\images\pokedex\sprites\187.png" />
    <Image Include="assets\images\pokedex\sprites\188.png" />
    <Image Include="assets\images\pokedex\sprites\189.png" />
    <Image Include="assets\images\pokedex\sprites\190.png" />
    <Image Include="assets\images\pokedex\sprites\191.png" />
    <Image Include="assets\images\pokedex\sprites\192.png" />
    <Image Include="assets\images\pokedex\sprites\193.png" />
    <Image Include="assets\images\pokedex\sprites\194.png" />
    <Image Include="assets\images\pokedex\sprites\195.png" />
    <Image Include="assets\images\pokedex\sprites\196.png" />
    <Image Include="assets\images\pokedex\sprites\197.png" />
    <Image Include="assets\images\pokedex\sprites\198.png" />
    <Image Include="assets\images\pokedex\sprites\199.png" />
    <Image Include="assets\images\pokedex\sprites\200.png" />
    <Image Include="assets\images\pokedex\sprites\201.png" />
    <Image Include="assets\images\pokedex\sprites\202.png" />
    <Image Include="assets\images\pokedex\sprites\203.png" />
    <Image Include="assets\images\pokedex\sprites\204.png" />
    <Image Include="assets\images\pokedex\sprites\205.png" />
    <Image Include="assets\images\pokedex\sprites\206.png" />
    <Image Include="assets\images\pokedex\sprites\207.png" />
    <Image Include="assets\images\pokedex\sprites\208.png" />
    <Image Include="assets\images\pokedex\sprites\209.png" />
    <Image Include="assets\images\pokedex\sprites\210.png" />
    <Image Include="assets\images\pokedex\sprites\211.png" />
    <Image Include="assets\images\pokedex\sprites\212.png" />
    <Image Include="assets\images\pokedex\sprites\213.png" />
    <Image Include="assets\images\pokedex\sprites\214.png" />
    <Image Include="assets\images\pokedex\sprites\215.png" />
    <Image Include="assets\images\pokedex\sprites\216.png" />
    <Image Include="assets\images\pokedex\sprites\217.png" />
    <Image Include="assets\images\pokedex\sprites\218.png" />
    <Image Include="assets\images\pokedex\sprites\219.png" />
    <Image Include="assets\images\pokedex\sprites\220.png" />
    <Image Include="assets\images\pokedex\sprites\221.png" />
    <Image Include="assets\images\pokedex\sprites\222.png" />
    <Image Include="assets\images\pokedex\sprites\223.png" />
    <Image Include="assets\images\pokedex\sprites\224.png" />
    <Image Include="assets\images\pokedex\sprites\225.png" />
    <Image Include="assets\images\pokedex\sprites\226.png" />
    <Image Include="assets\images\pokedex\sprites\227.png" />
    <Image Include="assets\images\pokedex\sprites\228.png" />
    <Image Include="assets\images\pokedex\sprites\229.png" />
    <Image Include="assets\images\pokedex\sprites\230.png" />
    <Image Include="assets\images\pokedex\sprites\231.png" />
    <Image Include="assets\images\pokedex\sprites\232.png" />
    <Image Include="assets\images\pokedex\sprites\233.png" />
    <Image Include="assets\images\pokedex\sprites\234.png" />
    <Image Include="assets\images\pokedex\sprites\235.png" />
    <Image Include="assets\images\pokedex\sprites\236.png" />
    <Image Include="assets\images\pokedex\sprites\237.png" />
    <Image Include="assets\images\pokedex\sprites\238.png" />
    <Image Include="assets\images\pokedex\sprites\239.png" />
    <Image Include="assets\images\pokedex\sprites\240.png" />
    <Image Include="assets\images\pokedex\sprites\241.png" />
    <Image Include="assets\images\pokedex\sprites\242.png" />
    <Image Include="assets\images\pokedex\sprites\243.png" />
    <Image Include="assets\images\pokedex\sprites\244.png" />
    <Image Include="assets\images\pokedex\sprites\245.png" />
    <Image Include="assets\images\pokedex\sprites\246.png" />
    <Image Include="assets\images\pokedex\sprites\247.png" />
    <Image Include="assets\images\pokedex\sprites\248.png" />
    <Image Include="assets\images\pokedex\sprites\249.png" />
    <Image Include="assets\images\pokedex\sprites\250.png" />
    <Image Include="assets\images\pokedex\sprites\251.png" />
    <Image Include="assets\images\pokedex\sprites\252.png" />
    <Image Include="assets\images\pokedex\sprites\253.png" />
    <Image Include="assets\images\pokedex\sprites\254.png" />
    <Image Include="assets\images\pokedex\sprites\255.png" />
    <Image Include="assets\images\pokedex\sprites\256.png" />
    <Image Include="assets\images\pokedex\sprites\257.png" />
    <Image Include="assets\images\pokedex\sprites\258.png" />
    <Image Include="assets\images\pokedex\sprites\259.png" />
    <Image Include="assets\images\pokedex\sprites\260.png" />
    <Image Include="assets\images\pokedex\sprites\261.png" />
    <Image Include="assets\images\pokedex\sprites\262.png" />
    <Image Include="assets\images\pokedex\sprites\263.png" />
    <Image Include="assets\images\pokedex\sprites\264.png" />
    <Image Include="assets\images\pokedex\sprites\265.png" />
    <Image Include="assets\images\pokedex\sprites\266.png" />
    <Image Include="assets\images\pokedex\sprites\267.png" />
    <Image Include="assets\images\pokedex\sprites\268.png" />
    <Image Include="assets\images\pokedex\sprites\269.png" />
    <Image Include="assets\images\pokedex\sprites\270.png" />
    <Image Include="assets\images\pokedex\sprites\271.png" />
    <Image Include="assets\images\pokedex\sprites\272.png" />
    <Image Include="assets\images\pokedex\sprites\273.png" />
    <Image Include="assets\images\pokedex\sprites\274.png" />
    <Image Include="assets\images\pokedex\sprites\275.png" />
    <Image Include="assets\images\pokedex\sprites\276.png" />
    <Image Include="assets\images\pokedex\sprites\277.png" />
    <Image Include="assets\images\pokedex\sprites\278.png" />
    <Image Include="assets\images\pokedex\sprites\279.png" />
    <Image Include="assets\images\pokedex\sprites\280.png" />
    <Image Include="assets\images\pokedex\sprites\281.png" />
    <Image Include="assets\images\pokedex\sprites\282.png" />
    <Image Include="assets\images\pokedex\sprites\283.png" />
    <Image Include="assets\images\pokedex\sprites\284.png" />
    <Image Include="assets\images\pokedex\sprites\285.png" />
    <Image Include="assets\images\pokedex\sprites\286.png" />
    <Image Include="assets\images\pokedex\sprites\287.png" />
    <Image Include="assets\images\pokedex\sprites\288.png" />
    <Image Include="assets\images\pokedex\sprites\289.png" />
    <Image Include="assets\images\pokedex\sprites\290.png" />
    <Image Include="assets\images\pokedex\sprites\291.png" />
    <Image Include="assets\images\pokedex\sprites\292.png" />
    <Image Include="assets\images\pokedex\sprites\293.png" />
    <Image Include="assets\images\pokedex\sprites\294.png" />
    <Image Include="assets\images\pokedex\sprites\295.png" />
    <Image Include="assets\images\pokedex\sprites\296.png" />
    <Image Include="assets\images\pokedex\sprites\297.png" />
    <Image Include="assets\images\pokedex\sprites\298.png" />
    <Image Include="assets\images\pokedex\sprites\299.png" />
    <Image Include="assets\images\pokedex\sprites\300.png" />
    <Image Include="assets\images\pokedex\sprites\301.png" />
    <Image Include="assets\images\pokedex\sprites\302.png" />
    <Image Include="assets\images\pokedex\sprites\303.png" />
    <Image Include="assets\images\pokedex\sprites\304.png" />
    <Image Include="assets\images\pokedex\sprites\305.png" />
    <Image Include="assets\images\pokedex\sprites\306.png" />
    <Image Include="assets\images\pokedex\sprites\307.png" />
    <Image Include="assets\images\pokedex\sprites\308.png" />
    <Image Include="assets\images\pokedex\sprites\309.png" />
    <Image Include="assets\images\pokedex\sprites\310.png" />
    <Image Include="assets\images\pokedex\sprites\311.png" />
    <Image Include="assets\images\pokedex\sprites\312.png" />
    <Image Include="assets\images\pokedex\sprites\313.png" />
    <Image Include="assets\images\pokedex\sprites\314.png" />
    <Image Include="assets\images\pokedex\sprites\315.png" />
    <Image Include="assets\images\pokedex\sprites\316.png" />
    <Image Include="assets\images\pokedex\sprites\317.png" />
    <Image Include="assets\images\pokedex\sprites\318.png" />
    <Image Include="assets\images\pokedex\sprites\319.png" />
    <Image Include="assets\images\pokedex\sprites\320.png" />
    <Image Include="assets\images\pokedex\sprites\321.png" />
    <Image Include="assets\images\pokedex\sprites\322.png" />
    <Image Include="assets\images\pokedex\sprites\323.png" />
    <Image Include="assets\images\pokedex\sprites\324.png" />
    <Image Include="assets\images\pokedex\sprites\325.png" />
    <Image Include="assets\images\pokedex\sprites\326.png" />
    <Image Include="assets\images\pokedex\sprites\327.png" />
    <Image Include="assets\images\pokedex\sprites\328.png" />
    <Image Include="assets\images\pokedex\sprites\329.png" />
    <Image Include="assets\images\pokedex\sprites\330.png" />
    <Image Include="assets\images\pokedex\sprites\331.png" />
    <Image Include="assets\images\pokedex\sprites\332.png" />
    <Image Include="assets\images\pokedex\sprites\333.png" />
    <Image Include="assets\images\pokedex\sprites\334.png" />
    <Image Include="assets\images\pokedex\sprites\335.png" />
    <Image Include="assets\images\pokedex\sprites\336.png" />
    <Image Include="assets\images\pokedex\sprites\337.png" />
    <Image Include="assets\images\pokedex\sprites\338.png" />
    <Image Include="assets\images\pokedex\sprites\339.png" />
    <Image Include="assets\images\pokedex\sprites\340.png" />
    <Image Include="assets\images\pokedex\sprites\341.png" />
    <Image Include="assets\images\pokedex\sprites\342.png" />
    <Image Include="assets\images\pokedex\sprites\343.png" />
    <Image Include="assets\images\pokedex\sprites\344.png" />
    <Image Include="assets\images\pokedex\sprites\345.png" />
    <Image Include="assets\images\pokedex\sprites\346.png" />
    <Image Include="assets\images\pokedex\sprites\347.png" />
    <Image Include="assets\images\pokedex\sprites\348.png" />
    <Image Include="assets\images\pokedex\sprites\349.png" />
    <Image Include="assets\images\pokedex\sprites\350.png" />
    <Image Include="assets\images\pokedex\sprites\351.png" />
    <Image Include="assets\images\pokedex\sprites\352.png" />
    <Image Include="assets\images\pokedex\sprites\353.png" />
    <Image Include="assets\images\pokedex\sprites\354.png" />
    <Image Include="assets\images\pokedex\sprites\355.png" />
    <Image Include="assets\images\pokedex\sprites\356.png" />
    <Image Include="assets\images\pokedex\sprites\357.png" />
    <Image Include="assets\images\pokedex\sprites\358.png" />
    <Image Include="assets\images\pokedex\sprites\359.png" />
    <Image Include="assets\images\pokedex\sprites\360.png" />
    <Image Include="assets\images\pokedex\sprites\361.png" />
    <Image Include="assets\images\pokedex\sprites\362.png" />
    <Image Include="assets\images\pokedex\sprites\363.png" />
    <Image Include="assets\images\pokedex\sprites\364.png" />
    <Image Include="assets\images\pokedex\sprites\365.png" />
    <Image Include="assets\images\pokedex\sprites\366.png" />
    <Image Include="assets\images\pokedex\sprites\367.png" />
    <Image Include="assets\images\pokedex\sprites\368.png" />
    <Image Include="assets\images\pokedex\sprites\369.png" />
    <Image Include="assets\images\pokedex\sprites\370.png" />
    <Image Include="assets\images\pokedex\sprites\371.png" />
    <Image Include="assets\images\pokedex\sprites\372.png" />
    <Image Include="assets\images\pokedex\sprites\373.png" />
    <Image Include="assets\images\pokedex\sprites\374.png" />
    <Image Include="assets\images\pokedex\sprites\375.png" />
    <Image Include="assets\images\pokedex\sprites\376.png" />
    <Image Include="assets\images\pokedex\sprites\377.png" />
    <Image Include="assets\images\pokedex\sprites\378.png" />
    <Image Include="assets\images\pokedex\sprites\379.png" />
    <Image Include="assets\images\pokedex\sprites\380.png" />
    <Image Include="assets\images\pokedex\sprites\381.png" />
    <Image Include="assets\images\pokedex\sprites\382.png" />
    <Image Include="assets\images\pokedex\sprites\383.png" />
    <Image Include="assets\images\pokedex\sprites\384.png" />
    <Image Include="assets\images\pokedex\sprites\385.png" />
    <Image Include="assets\images\pokedex\sprites\386.png" />
    <Image Include="assets\images\pokedex\sprites\387.png" />
    <Image Include="assets\images\pokedex\sprites\388.png" />
    <Image Include="assets\images\pokedex\sprites\389.png" />
    <Image Include="assets\images\pokedex\sprites\390.png" />
    <Image Include="assets\images\pokedex\sprites\391.png" />
    <Image Include="assets\images\pokedex\sprites\392.png" />
    <Image Include="assets\images\pokedex\sprites\393.png" />
    <Image Include="assets\images\pokedex\sprites\394.png" />
    <Image Include="assets\images\pokedex\sprites\395.png" />
    <Image Include="assets\images\pokedex\sprites\396.png" />
    <Image Include="assets\images\pokedex\sprites\397.png" />
    <Image Include="assets\images\pokedex\sprites\398.png" />
    <Image Include="assets\images\pokedex\sprites\399.png" />
    <Image Include="assets\images\pokedex\sprites\400.png" />
    <Image Include="assets\images\pokedex\sprites\401.png" />
    <Image Include="assets\images\pokedex\sprites\402.png" />
    <Image Include="assets\images\pokedex\sprites\403.png" />
    <Image Include="assets\images\pokedex\sprites\404.png" />
    <Image Include="assets\images\pokedex\sprites\405.png" />
    <Image Include="assets\images\pokedex\sprites\406.png" />
    <Image Include="assets\images\pokedex\sprites\407.png" />
    <Image Include="assets\images\pokedex\sprites\408.png" />
    <Image Include="assets\images\pokedex\sprites\409.png" />
    <Image Include="assets\images\pokedex\sprites\410.png" />
    <Image Include="assets\images\pokedex\sprites\411.png" />
    <Image Include="assets\images\pokedex\sprites\412.png" />
    <Image Include="assets\images\pokedex\sprites\413.png" />
    <Image Include="assets\images\pokedex\sprites\414.png" />
    <Image Include="assets\images\pokedex\sprites\415.png" />
    <Image Include="assets\images\pokedex\sprites\416.png" />
    <Image Include="assets\images\pokedex\sprites\417.png" />
    <Image Include="assets\images\pokedex\sprites\418.png" />
    <Image Include="assets\images\pokedex\sprites\419.png" />
    <Image Include="assets\images\pokedex\sprites\420.png" />
    <Image Include="assets\images\pokedex\sprites\421.png" />
    <Image Include="assets\images\pokedex\sprites\422.png" />
    <Image Include="assets\images\pokedex\sprites\423.png" />
    <Image Include="assets\images\pokedex\sprites\424.png" />
    <Image Include="assets\images\pokedex\sprites\425.png" />
    <Image Include="assets\images\pokedex\sprites\426.png" />
    <Image Include="assets\images\pokedex\sprites\427.png" />
    <Image Include="assets\images\pokedex\sprites\428.png" />
    <Image Include="assets\images\pokedex\sprites\429.png" />
    <Image Include="assets\images\pokedex\sprites\430.png" />
    <Image Include="assets\images\pokedex\sprites\431.png" />
    <Image Include="assets\images\pokedex\sprites\432.png" />
    <Image Include="assets\images\pokedex\sprites\433.png" />
    <Image Include="assets\images\pokedex\sprites\434.png" />
    <Image Include="assets\images\pokedex\sprites\435.png" />
    <Image Include="assets\images\pokedex\sprites\436.png" />
    <Image Include="assets\images\pokedex\sprites\437.png" />
    <Image Include="assets\images\pokedex\sprites\438.png" />
    <Image Include="assets\images\pokedex\sprites\439.png" />
    <Image Include="assets\images\pokedex\sprites\440.png" />
    <Image Include="assets\images\pokedex\sprites\441.png" />
    <Image Include="assets\images\pokedex\sprites\442.png" />
    <Image Include="assets\images\pokedex\sprites\443.png" />
    <Image Include="assets\images\pokedex\sprites\444.png" />
    <Image Include="assets\images\pokedex\sprites\445.png" />
    <Image Include="assets\images\pokedex\sprites\446.png" />
    <Image Include="assets\images\pokedex\sprites\447.png" />
    <Image Include="assets\images\pokedex\sprites\448.png" />
    <Image Include="assets\images\pokedex\sprites\449.png" />
    <Image Include="assets\images\pokedex\sprites\450.png" />
    <Image Include="assets\images\pokedex\sprites\451.png" />
    <Image Include="assets\images\pokedex\sprites\452.png" />
    <Image Include="assets\images\pokedex\sprites\453.png" />
    <Image Include="assets\images\pokedex\sprites\454.png" />
    <Image Include="assets\images\pokedex\sprites\455.png" />
    <Image Include="assets\images\pokedex\sprites\456.png" />
    <Image Include="assets\images\pokedex\sprites\457.png" />
    <Image Include="assets\images\pokedex\sprites\458.png" />
    <Image Include="assets\images\pokedex\sprites\459.png" />
    <Image Include="assets\images\pokedex\sprites\460.png" />
    <Image Include="assets\images\pokedex\sprites\461.png" />
    <Image Include="assets\images\pokedex\sprites\462.png" />
    <Image Include="assets\images\pokedex\sprites\463.png" />
    <Image Include="assets\images\pokedex\sprites\464.png" />
    <Image Include="assets\images\pokedex\sprites\465.png" />
    <Image Include="assets\images\pokedex\sprites\466.png" />
    <Image Include="assets\images\pokedex\sprites\467.png" />
    <Image Include="assets\images\pokedex\sprites\468.png" />
    <Image Include="assets\images\pokedex\sprites\469.png" />
    <Image Include="assets\images\pokedex\sprites\470.png" />
    <Image Include="assets\images\pokedex\sprites\471.png" />
    <Image Include="assets\images\pokedex\sprites\472.png" />
    <Image Include="assets\images\pokedex\sprites\473.png" />
    <Image Include="assets\images\pokedex\sprites\474.png" />
    <Image Include="assets\images\pokedex\sprites\475.png" />
    <Image Include="assets\images\pokedex\sprites\476.png" />
    <Image Include="assets\images\pokedex\sprites\477.png" />
    <Image Include="assets\images\pokedex\sprites\478.png" />
    <Image Include="assets\images\pokedex\sprites\479.png" />
    <Image Include="assets\images\pokedex\sprites\480.png" />
    <Image Include="assets\images\pokedex\sprites\481.png" />
    <Image Include="assets\images\pokedex\sprites\482.png" />
    <Image Include="assets\images\pokedex\sprites\483.png" />
    <Image Include="assets\images\pokedex\sprites\484.png" />
    <Image Include="assets\images\pokedex\sprites\485.png" />
    <Image Include="assets\images\pokedex\sprites\486.png" />
    <Image Include="assets\images\pokedex\sprites\487.png" />
    <Image Include="assets\images\pokedex\sprites\488.png" />
    <Image Include="assets\images\pokedex\sprites\489.png" />
    <Image Include="assets\images\pokedex\sprites\490.png" />
    <Image Include="assets\images\pokedex\sprites\491.png" />
    <Image Include="assets\images\pokedex\sprites\492.png" />
    <Image Include="assets\images\pokedex\sprites\493.png" />
    <Image Include="assets\images\pokedex\sprites\494.png" />
    <Image Include="assets\images\pokedex\sprites\495.png" />
    <Image Include="assets\images\pokedex\sprites\496.png" />
    <Image Include="assets\images\pokedex\sprites\497.png" />
    <Image Include="assets\images\pokedex\sprites\498.png" />
    <Image Include="assets\images\pokedex\sprites\499.png" />
    <Image Include="assets\images\pokedex\sprites\500.png" />
    <Image Include="assets\images\pokedex\sprites\501.png" />
    <Image Include="assets\images\pokedex\sprites\502.png" />
    <Image Include="assets\images\pokedex\sprites\503.png" />
    <Image Include="assets\images\pokedex\sprites\504.png" />
    <Image Include="assets\images\pokedex\sprites\505.png" />
    <Image Include="assets\images\pokedex\sprites\506.png" />
    <Image Include="assets\images\pokedex\sprites\507.png" />
    <Image Include="assets\images\pokedex\sprites\508.png" />
    <Image Include="assets\images\pokedex\sprites\509.png" />
    <Image Include="assets\images\pokedex\sprites\510.png" />
    <Image Include="assets\images\pokedex\sprites\511.png" />
    <Image Include="assets\images\pokedex\sprites\512.png" />
    <Image Include="assets\images\pokedex\sprites\513.png" />
    <Image Include="assets\images\pokedex\sprites\514.png" />
    <Image Include="assets\images\pokedex\sprites\515.png" />
    <Image Include="assets\images\pokedex\sprites\516.png" />
    <Image Include="assets\images\pokedex\sprites\517.png" />
    <Image Include="assets\images\pokedex\sprites\518.png" />
    <Image Include="assets\images\pokedex\sprites\519.png" />
    <Image Include="assets\images\pokedex\sprites\520.png" />
    <Image Include="assets\images\pokedex\sprites\521.png" />
    <Image Include="assets\images\pokedex\sprites\522.png" />
    <Image Include="assets\images\pokedex\sprites\523.png" />
    <Image Include="assets\images\pokedex\sprites\524.png" />
    <Image Include="assets\images\pokedex\sprites\525.png" />
    <Image Include="assets\images\pokedex\sprites\526.png" />
    <Image Include="assets\images\pokedex\sprites\527.png" />
    <Image Include="assets\images\pokedex\sprites\528.png" />
    <Image Include="assets\images\pokedex\sprites\529.png" />
    <Image Include="assets\images\pokedex\sprites\530.png" />
    <Image Include="assets\images\pokedex\sprites\531.png" />
    <Image Include="assets\images\pokedex\sprites\532.png" />
    <Image Include="assets\images\pokedex\sprites\533.png" />
    <Image Include="assets\images\pokedex\sprites\534.png" />
    <Image Include="assets\images\pokedex\sprites\535.png" />
    <Image Include="assets\images\pokedex\sprites\536.png" />
    <Image Include="assets\images\pokedex\sprites\537.png" />
    <Image Include="assets\images\pokedex\sprites\538.png" />
    <Image Include="assets\images\pokedex\sprites\539.png" />
    <Image Include="assets\images\pokedex\sprites\540.png" />
    <Image Include="assets\images\pokedex\sprites\541.png" />
    <Image Include="assets\images\pokedex\sprites\542.png" />
    <Image Include="assets\images\pokedex\sprites\543.png" />
    <Image Include="assets\images\pokedex\sprites\544.png" />
    <Image Include="assets\images\pokedex\sprites\545.png" />
    <Image Include="assets\images\pokedex\sprites\546.png" />
    <Image Include="assets\images\pokedex\sprites\547.png" />
    <Image Include="assets\images\pokedex\sprites\548.png" />
    <Image Include="assets\images\pokedex\sprites\549.png" />
    <Image Include="assets\images\pokedex\sprites\550.png" />
    <Image Include="assets\images\pokedex\sprites\551.png" />
    <Image Include="assets\images\pokedex\sprites\552.png" />
    <Image Include="assets\images\pokedex\sprites\553.png" />
    <Image Include="assets\images\pokedex\sprites\554.png" />
    <Image Include="assets\images\pokedex\sprites\555.png" />
    <Image Include="assets\images\pokedex\sprites\556.png" />
    <Image Include="assets\images\pokedex\sprites\557.png" />
    <Image Include="assets\images\pokedex\sprites\558.png" />
    <Image Include="assets\images\pokedex\sprites\559.png" />
    <Image Include="assets\images\pokedex\sprites\560.png" />
    <Image Include="assets\images\pokedex\sprites\561.png" />
    <Image Include="assets\images\pokedex\sprites\562.png" />
    <Image Include="assets\images\pokedex\sprites\563.png" />
    <Image Include="assets\images\pokedex\sprites\564.png" />
    <Image Include="assets\images\pokedex\sprites\565.png" />
    <Image Include="assets\images\pokedex\sprites\566.png" />
    <Image Include="assets\images\pokedex\sprites\567.png" />
    <Image Include="assets\images\pokedex\sprites\568.png" />
    <Image Include="assets\images\pokedex\sprites\569.png" />
    <Image Include="assets\images\pokedex\sprites\570.png" />
    <Image Include="assets\images\pokedex\sprites\571.png" />
    <Image Include="assets\images\pokedex\sprites\572.png" />
    <Image Include="assets\images\pokedex\sprites\573.png" />
    <Image Include="assets\images\pokedex\sprites\574.png" />
    <Image Include="assets\images\pokedex\sprites\575.png" />
    <Image Include="assets\images\pokedex\sprites\576.png" />
    <Image Include="assets\images\pokedex\sprites\577.png" />
    <Image Include="assets\images\pokedex\sprites\578.png" />
    <Image Include="assets\images\pokedex\sprites\579.png" />
    <Image Include="assets\images\pokedex\sprites\580.png" />
    <Image Include="assets\images\pokedex\sprites\581.png" />
    <Image Include="assets\images\pokedex\sprites\582.png" />
    <Image Include="assets\images\pokedex\sprites\583.png" />
    <Image Include="assets\images\pokedex\sprites\584.png" />
    <Image Include="assets\images\pokedex\sprites\585.png" />
    <Image Include="assets\images\pokedex\sprites\586.png" />
    <Image Include="assets\images\pokedex\sprites\587.png" />
    <Image Include="assets\images\pokedex\sprites\588.png" />
    <Image Include="assets\images\pokedex\sprites\589.png" />
    <Image Include="assets\images\pokedex\sprites\590.png" />
    <Image Include="assets\images\pokedex\sprites\591.png" />
    <Image Include="assets\images\pokedex\sprites\592.png" />
    <Image Include="assets\images\pokedex\sprites\593.png" />
    <Image Include="assets\images\pokedex\sprites\594.png" />
    <Image Include="assets\images\pokedex\sprites\595.png" />
    <Image Include="assets\images\pokedex\sprites\596.png" />
    <Image Include="assets\images\pokedex\sprites\597.png" />
    <Image Include="assets\images\pokedex\sprites\598.png" />
    <Image Include="assets\images\pokedex\sprites\599.png" />
    <Image Include="assets\images\pokedex\sprites\600.png" />
    <Image Include="assets\images\pokedex\sprites\601.png" />
    <Image Include="assets\images\pokedex\sprites\602.png" />
    <Image Include="assets\images\pokedex\sprites\603.png" />
    <Image Include="assets\images\pokedex\sprites\604.png" />
    <Image Include="assets\images\pokedex\sprites\605.png" />
    <Image Include="assets\images\pokedex\sprites\606.png" />
    <Image Include="assets\images\pokedex\sprites\607.png" />
    <Image Include="assets\images\pokedex\sprites\608.png" />
    <Image Include="assets\images\pokedex\sprites\609.png" />
    <Image Include="assets\images\pokedex\sprites\610.png" />
    <Image Include="assets\images\pokedex\sprites\611.png" />
    <Image Include="assets\images\pokedex\sprites\612.png" />
    <Image Include="assets\images\pokedex\sprites\613.png" />
    <Image Include="assets\images\pokedex\sprites\614.png" />
    <Image Include="assets\images\pokedex\sprites\615.png" />
    <Image Include="assets\images\pokedex\sprites\616.png" />
    <Image Include="assets\images\pokedex\sprites\617.png" />
    <Image Include="assets\images\pokedex\sprites\618.png" />
    <Image Include="assets\images\pokedex\sprites\619.png" />
    <Image Include="assets\images\pokedex\sprites\620.png" />
    <Image Include="assets\images\pokedex\sprites\621.png" />
    <Image Include="assets\images\pokedex\sprites\622.png" />
    <Image Include="assets\images\pokedex\sprites\623.png" />
    <Image Include="assets\images\pokedex\sprites\624.png" />
    <Image Include="assets\images\pokedex\sprites\625.png" />
    <Image Include="assets\images\pokedex\sprites\626.png" />
    <Image Include="assets\images\pokedex\sprites\627.png" />
    <Image Include="assets\images\pokedex\sprites\628.png" />
    <Image Include="assets\images\pokedex\sprites\629.png" />
    <Image Include="assets\images\pokedex\sprites\630.png" />
    <Image Include="assets\images\pokedex\sprites\631.png" />
    <Image Include="assets\images\pokedex\sprites\632.png" />
    <Image Include="assets\images\pokedex\sprites\633.png" />
    <Image Include="assets\images\pokedex\sprites\634.png" />
    <Image Include="assets\images\pokedex\sprites\635.png" />
    <Image Include="assets\images\pokedex\sprites\636.png" />
    <Image Include="assets\images\pokedex\sprites\637.png" />
    <Image Include="assets\images\pokedex\sprites\638.png" />
    <Image Include="assets\images\pokedex\sprites\639.png" />
    <Image Include="assets\images\pokedex\sprites\640.png" />
    <Image Include="assets\images\pokedex\sprites\641.png" />
    <Image Include="assets\images\pokedex\sprites\642.png" />
    <Image Include="assets\images\pokedex\sprites\643.png" />
    <Image Include="assets\images\pokedex\sprites\644.png" />
    <Image Include="assets\images\pokedex\sprites\645.png" />
    <Image Include="assets\images\pokedex\sprites\646.png" />
    <Image Include="assets\images\pokedex\sprites\647.png" />
    <Image Include="assets\images\pokedex\sprites\648.png" />
    <Image Include="assets\images\pokedex\sprites\649.png" />
    <Image Include="assets\images\pokedex\sprites\650.png" />
    <Image Include="assets\images\pokedex\sprites\651.png" />
    <Image Include="assets\images\pokedex\sprites\652.png" />
    <Image Include="assets\images\pokedex\sprites\653.png" />
    <Image Include="assets\images\pokedex\sprites\654.png" />
    <Image Include="assets\images\pokedex\sprites\655.png" />
    <Image Include="assets\images\pokedex\sprites\656.png" />
    <Image Include="assets\images\pokedex\sprites\657.png" />
    <Image Include="assets\images\pokedex\sprites\658.png" />
    <Image Include="assets\images\pokedex\sprites\659.png" />
    <Image Include="assets\images\pokedex\sprites\660.png" />
    <Image Include="assets\images\pokedex\sprites\661.png" />
    <Image Include="assets\images\pokedex\sprites\662.png" />
    <Image Include="assets\images\pokedex\sprites\663.png" />
    <Image Include="assets\images\pokedex\sprites\664.png" />
    <Image Include="assets\images\pokedex\sprites\665.png" />
    <Image Include="assets\images\pokedex\sprites\666.png" />
    <Image Include="assets\images\pokedex\sprites\667.png" />
    <Image Include="assets\images\pokedex\sprites\668.png" />
    <Image Include="assets\images\pokedex\sprites\669.png" />
    <Image Include="assets\images\pokedex\sprites\670.png" />
    <Image Include="assets\images\pokedex\sprites\671.png" />
    <Image Include="assets\images\pokedex\sprites\672.png" />
    <Image Include="assets\images\pokedex\sprites\673.png" />
    <Image Include="assets\images\pokedex\sprites\674.png" />
    <Image Include="assets\images\pokedex\sprites\675.png" />
    <Image Include="assets\images\pokedex\sprites\676.png" />
    <Image Include="assets\images\pokedex\sprites\677.png" />
    <Image Include="assets\images\pokedex\sprites\678.png" />
    <Image Include="assets\images\pokedex\sprites\679.png" />
    <Image Include="assets\images\pokedex\sprites\680.png" />
    <Image Include="assets\images\pokedex\sprites\681.png" />
    <Image Include="assets\images\pokedex\sprites\682.png" />
    <Image Include="assets\images\pokedex\sprites\683.png" />
    <Image Include="assets\images\pokedex\sprites\684.png" />
    <Image Include="assets\images\pokedex\sprites\685.png" />
    <Image Include="assets\images\pokedex\sprites\686.png" />
    <Image Include="assets\images\pokedex\sprites\687.png" />
    <Image Include="assets\images\pokedex\sprites\688.png" />
    <Image Include="assets\images\pokedex\sprites\689.png" />
    <Image Include="assets\images\pokedex\sprites\690.png" />
    <Image Include="assets\images\pokedex\sprites\691.png" />
    <Image Include="assets\images\pokedex\sprites\692.png" />
    <Image Include="assets\images\pokedex\sprites\693.png" />
    <Image Include="assets\images\pokedex\sprites\694.png" />
    <Image Include="assets\images\pokedex\sprites\695.png" />
    <Image Include="assets\images\pokedex\sprites\696.png" />
    <Image Include="assets\images\pokedex\sprites\697.png" />
    <Image Include="assets\images\pokedex\sprites\698.png" />
    <Image Include="assets\images\pokedex\sprites\699.png" />
    <Image Include="assets\images\pokedex\sprites\700.png" />
    <Image Include="assets\images\pokedex\sprites\701.png" />
    <Image Include="assets\images\pokedex\sprites\702.png" />
    <Image Include="assets\images\pokedex\sprites\703.png" />
    <Image Include="assets\images\pokedex\sprites\704.png" />
    <Image Include="assets\images\pokedex\sprites\705.png" />
    <Image Include="assets\images\pokedex\sprites\706.png" />
    <Image Include="assets\images\pokedex\sprites\707.png" />
    <Image Include="assets\images\pokedex\sprites\708.png" />
    <Image Include="assets\images\pokedex\sprites\709.png" />
    <Image Include="assets\images\pokedex\sprites\710.png" />
    <Image Include="assets\images\pokedex\sprites\711.png" />
    <Image Include="assets\images\pokedex\sprites\712.png" />
    <Image Include="assets\images\pokedex\sprites\713.png" />
    <Image Include="assets\images\pokedex\sprites\714.png" />
    <Image Include="assets\images\pokedex\sprites\715.png" />
    <Image Include="assets\images\pokedex\sprites\716.png" />
    <Image Include="assets\images\pokedex\sprites\717.png" />
    <Image Include="assets\images\pokedex\sprites\718.png" />
    <Image Include="assets\images\pokedex\sprites\719.png" />
    <Image Include="assets\images\pokedex\sprites\720.png" />
    <Image Include="assets\images\pokedex\sprites\721.png" />
    <Image Include="assets\images\pokedex\sprites\722.png" />
    <Image Include="assets\images\pokedex\sprites\723.png" />
    <Image Include="assets\images\pokedex\sprites\724.png" />
    <Image Include="assets\images\pokedex\sprites\725.png" />
    <Image Include="assets\images\pokedex\sprites\726.png" />
    <Image Include="assets\images\pokedex\sprites\727.png" />
    <Image Include="assets\images\pokedex\sprites\728.png" />
    <Image Include="assets\images\pokedex\sprites\729.png" />
    <Image Include="assets\images\pokedex\sprites\730.png" />
    <Image Include="assets\images\pokedex\sprites\731.png" />
    <Image Include="assets\images\pokedex\sprites\732.png" />
    <Image Include="assets\images\pokedex\sprites\733.png" />
    <Image Include="assets\images\pokedex\sprites\734.png" />
    <Image Include="assets\images\pokedex\sprites\735.png" />
    <Image Include="assets\images\pokedex\sprites\736.png" />
    <Image Include="assets\images\pokedex\sprites\737.png" />
    <Image Include="assets\images\pokedex\sprites\738.png" />
    <Image Include="assets\images\pokedex\sprites\739.png" />
    <Image Include="assets\images\pokedex\sprites\740.png" />
    <Image Include="assets\images\pokedex\sprites\741.png" />
    <Image Include="assets\images\pokedex\sprites\742.png" />
    <Image Include="assets\images\pokedex\sprites\743.png" />
    <Image Include="assets\images\pokedex\sprites\744.png" />
    <Image Include="assets\images\pokedex\sprites\745.png" />
    <Image Include="assets\images\pokedex\sprites\746.png" />
    <Image Include="assets\images\pokedex\sprites\747.png" />
    <Image Include="assets\images\pokedex\sprites\748.png" />
    <Image Include="assets\images\pokedex\sprites\749.png" />
    <Image Include="assets\images\pokedex\sprites\750.png" />
    <Image Include="assets\images\pokedex\sprites\751.png" />
    <Image Include="assets\images\pokedex\sprites\752.png" />
    <Image Include="assets\images\pokedex\sprites\753.png" />
    <Image Include="assets\images\pokedex\sprites\754.png" />
    <Image Include="assets\images\pokedex\sprites\755.png" />
    <Image Include="assets\images\pokedex\sprites\756.png" />
    <Image Include="assets\images\pokedex\sprites\757.png" />
    <Image Include="assets\images\pokedex\sprites\758.png" />
    <Image Include="assets\images\pokedex\sprites\759.png" />
    <Image Include="assets\images\pokedex\sprites\760.png" />
    <Image Include="assets\images\pokedex\sprites\761.png" />
    <Image Include="assets\images\pokedex\sprites\762.png" />
    <Image Include="assets\images\pokedex\sprites\763.png" />
    <Image Include="assets\images\pokedex\sprites\764.png" />
    <Image Include="assets\images\pokedex\sprites\765.png" />
    <Image Include="assets\images\pokedex\sprites\766.png" />
    <Image Include="assets\images\pokedex\sprites\767.png" />
    <Image Include="assets\images\pokedex\sprites\768.png" />
    <Image Include="assets\images\pokedex\sprites\769.png" />
    <Image Include="assets\images\pokedex\sprites\770.png" />
    <Image Include="assets\images\pokedex\sprites\771.png" />
    <Image Include="assets\images\pokedex\sprites\772.png" />
    <Image Include="assets\images\pokedex\sprites\773.png" />
    <Image Include="assets\images\pokedex\sprites\774.png" />
    <Image Include="assets\images\pokedex\sprites\775.png" />
    <Image Include="assets\images\pokedex\sprites\776.png" />
    <Image Include="assets\images\pokedex\sprites\777.png" />
    <Image Include="assets\images\pokedex\sprites\778.png" />
    <Image Include="assets\images\pokedex\sprites\779.png" />
    <Image Include="assets\images\pokedex\sprites\780.png" />
    <Image Include="assets\images\pokedex\sprites\781.png" />
    <Image Include="assets\images\pokedex\sprites\782.png" />
    <Image Include="assets\images\pokedex\sprites\783.png" />
    <Image Include="assets\images\pokedex\sprites\784.png" />
    <Image Include="assets\images\pokedex\sprites\785.png" />
    <Image Include="assets\images\pokedex\sprites\786.png" />
    <Image Include="assets\images\pokedex\sprites\787.png" />
    <Image Include="assets\images\pokedex\sprites\788.png" />
    <Image Include="assets\images\pokedex\sprites\789.png" />
    <Image Include="assets\images\pokedex\sprites\790.png" />
    <Image Include="assets\images\pokedex\sprites\791.png" />
    <Image Include="assets\images\pokedex\sprites\792.png" />
    <Image Include="assets\images\pokedex\sprites\793.png" />
    <Image Include="assets\images\pokedex\sprites\794.png" />
    <Image Include="assets\images\pokedex\sprites\795.png" />
    <Image Include="assets\images\pokedex\sprites\796.png" />
    <Image Include="assets\images\pokedex\sprites\797.png" />
    <Image Include="assets\images\pokedex\sprites\798.png" />
    <Image Include="assets\images\pokedex\sprites\799.png" />
    <Image Include="assets\images\pokedex\sprites\800.png" />
    <Image Include="assets\images\pokedex\sprites\801.png" />
    <Image Include="assets\images\pokedex\sprites\802.png" />
    <Image Include="assets\images\pokedex\sprites\803.png" />
    <Image Include="assets\images\pokedex\sprites\804.png" />
    <Image Include="assets\images\pokedex\sprites\805.png" />
    <Image Include="assets\images\pokedex\sprites\806.png" />
    <Image Include="assets\images\pokedex\sprites\807.png" />
    <Image Include="assets\images\pokedex\sprites\808.png" />
    <Image Include="assets\images\pokedex\sprites\809.png" />
    <Image Include="assets\images\pokedex\sprites\810.png" />
    <Image Include="assets\images\pokedex\sprites\811.png" />
    <Image Include="assets\images\pokedex\sprites\812.png" />
    <Image Include="assets\images\pokedex\sprites\813.png" />
    <Image Include="assets\images\pokedex\sprites\814.png" />
    <Image Include="assets\images\pokedex\sprites\815.png" />
    <Image Include="assets\images\pokedex\sprites\816.png" />
    <Image Include="assets\images\pokedex\sprites\817.png" />
    <Image Include="assets\images\pokedex\sprites\818.png" />
    <Image Include="assets\images\pokedex\sprites\819.png" />
    <Image Include="assets\images\pokedex\sprites\820.png" />
    <Image Include="assets\images\pokedex\sprites\821.png" />
    <Image Include="assets\images\pokedex\sprites\822.png" />
    <Image Include="assets\images\pokedex\sprites\823.png" />
    <Image Include="assets\images\pokedex\sprites\824.png" />
    <Image Include="assets\images\pokedex\sprites\825.png" />
    <Image Include="assets\images\pokedex\sprites\826.png" />
    <Image Include="assets\images\pokedex\sprites\827.png" />
    <Image Include="assets\images\pokedex\sprites\828.png" />
    <Image Include="assets\images\pokedex\sprites\829.png" />
    <Image Include="assets\images\pokedex\sprites\830.png" />
    <Image Include="assets\images\pokedex\sprites\831.png" />
    <Image Include="assets\images\pokedex\sprites\832.png" />
    <Image Include="assets\images\pokedex\sprites\833.png" />
    <Image Include="assets\images\pokedex\sprites\834.png" />
    <Image Include="assets\images\pokedex\sprites\835.png" />
    <Image Include="assets\images\pokedex\sprites\836.png" />
    <Image Include="assets\images\pokedex\sprites\837.png" />
    <Image Include="assets\images\pokedex\sprites\838.png" />
    <Image Include="assets\images\pokedex\sprites\839.png" />
    <Image Include="assets\images\pokedex\sprites\840.png" />
    <Image Include="assets\images\pokedex\sprites\841.png" />
    <Image Include="assets\images\pokedex\sprites\842.png" />
    <Image Include="assets\images\pokedex\sprites\843.png" />
    <Image Include="assets\images\pokedex\sprites\844.png" />
    <Image Include="assets\images\pokedex\sprites\845.png" />
    <Image Include="assets\images\pokedex\sprites\846.png" />
    <Image Include="assets\images\pokedex\sprites\847.png" />
    <Image Include="assets\images\pokedex\sprites\848.png" />
    <Image Include="assets\images\pokedex\sprites\849.png" />
    <Image Include="assets\images\pokedex\sprites\850.png" />
    <Image Include="assets\images\pokedex\sprites\851.png" />
    <Image Include="assets\images\pokedex\sprites\852.png" />
    <Image Include="assets\images\pokedex\sprites\853.png" />
    <Image Include="assets\images\pokedex\sprites\854.png" />
    <Image Include="assets\images\pokedex\sprites\855.png" />
    <Image Include="assets\images\pokedex\sprites\856.png" />
    <Image Include="assets\images\pokedex\sprites\857.png" />
    <Image Include="assets\images\pokedex\sprites\858.png" />
    <Image Include="assets\images\pokedex\sprites\859.png" />
    <Image Include="assets\images\pokedex\sprites\860.png" />
    <Image Include="assets\images\pokedex\sprites\861.png" />
    <Image Include="assets\images\pokedex\sprites\862.png" />
    <Image Include="assets\images\pokedex\sprites\863.png" />
    <Image Include="assets\images\pokedex\sprites\864.png" />
    <Image Include="assets\images\pokedex\sprites\865.png" />
    <Image Include="assets\images\pokedex\sprites\866.png" />
    <Image Include="assets\images\pokedex\sprites\867.png" />
    <Image Include="assets\images\pokedex\sprites\868.png" />
    <Image Include="assets\images\pokedex\sprites\869.png" />
    <Image Include="assets\images\pokedex\sprites\870.png" />
    <Image Include="assets\images\pokedex\sprites\871.png" />
    <Image Include="assets\images\pokedex\sprites\872.png" />
    <Image Include="assets\images\pokedex\sprites\873.png" />
    <Image Include="assets\images\pokedex\sprites\874.png" />
    <Image Include="assets\images\pokedex\sprites\875.png" />
    <Image Include="assets\images\pokedex\sprites\876.png" />
    <Image Include="assets\images\pokedex\sprites\877.png" />
    <Image Include="assets\images\pokedex\sprites\878.png" />
    <Image Include="assets\images\pokedex\sprites\879.png" />
    <Image Include="assets\images\pokedex\sprites\880.png" />
    <Image Include="assets\images\pokedex\sprites\881.png" />
    <Image Include="assets\images\pokedex\sprites\882.png" />
    <Image Include="assets\images\pokedex\sprites\883.png" />
    <Image Include="assets\images\pokedex\sprites\884.png" />
    <Image Include="assets\images\pokedex\sprites\885.png" />
    <Image Include="assets\images\pokedex\sprites\886.png" />
    <Image Include="assets\images\pokedex\sprites\887.png" />
    <Image Include="assets\images\pokedex\sprites\888.png" />
    <Image Include="assets\images\pokedex\sprites\889.png" />
    <Image Include="assets\images\pokedex\sprites\890.png" />
    <Image Include="assets\images\pokedex\sprites\891.png" />
    <Image Include="assets\images\pokedex\sprites\892.png" />
    <Image Include="assets\images\pokedex\sprites\893.png" />
    <Image Include="assets\images\pokedex\sprites\894.png" />
    <Image Include="assets\images\pokedex\sprites\895.png" />
    <Image Include="assets\images\pokedex\sprites\896.png" />
    <Image Include="assets\images\pokedex\sprites\897.png" />
    <Image Include="assets\images\pokedex\sprites\898.png" />
  </ItemGroup>
  <ItemGroup>
    <Font Include="assets\pixelFont.ttf" />
  </ItemGroup>
  <ItemGroup>
    <None Include=".gitattributes" />
    <None Include=".gitignore" />
    <None Include="include\data\moves.json" />
    <None Include="include\data\pokedex.json" />
    <None Include="assets\audio\main_music.ogg" />
    <None Include="assets\audio\music_battle.ogg" />
    <None Include="README.md" />
    <None Include="include\data\types.json" />
  </ItemGroup>
</Project>