<?xml version="1.0" encoding="utf-8"?>
<Project ToolsVersion="4.0" xmlns="http://schemas.microsoft.com/developer/msbuild/2003">
  <ItemGroup>
    <ClCompile Include="main.cpp" />
    <ClCompile Include="src\entities\NPC.cpp" />
    <ClCompile Include="src\entities\Player.cpp" />
    <ClCompile Include="src\entities\Pokeball.cpp" />
    <ClCompile Include="src\entities\Pokemon.cpp" />
    <ClCompile Include="src\entities\Spray.cpp" />
    <ClCompile Include="src\entities\TexturedElement.cpp" />
    <ClCompile Include="src\Game.cpp" />
    <ClCompile Include="src\map\MapGenerator.cpp" />
    <ClCompile Include="src\view\Button.cpp" />
    <ClCompile Include="src\view\InventoryMenu.cpp" />
    <ClCompile Include="src\view\MainWindow.cpp" />
    <ClCompile Include="src\view\Menu.cpp" />
    <ClCompile Include="src\map\db_perlin.cpp" />
    <ClCompile Include="src\data\DataManager.cpp" />
  </ItemGroup>
  <ItemGroup>
    <ClInclude Include="include\entities\NPC.h" />
    <ClInclude Include="include\entities\Player.h" />
    <ClInclude Include="include\entities\Pokeball.h" />
    <ClInclude Include="include\entities\Pokemon.h" />
    <ClInclude Include="include\entities\Spray.h" />
    <ClInclude Include="include\entities\TexturedElement.h" />
    <ClInclude Include="include\Game.h" />
    <ClInclude Include="include\map\db_perlin.hpp" />
    <ClInclude Include="include\map\MapGenerator.h" />
    <ClInclude Include="include\map\TileMap.h" />
    <ClInclude Include="include\Structures.h" />
    <ClInclude Include="include\view\Button.h" />
    <ClInclude Include="include\view\MainWindow.h" />
    <ClInclude Include="include\data\json.hpp" />
    <ClInclude Include="include\data\DataManager.h" />
  </ItemGroup>
  <ItemGroup>
    <Image Include="assets\inventoryBackground.png" />
    <Image Include="assets\items.png" />
    <Image Include="assets\Menu.jpg" />
    <Image Include="assets\pikachu.png" />
    <Image Include="assets\pixil-frame-0.png" />
    <Image Include="assets\pixil-frame-1.png" />
    <Image Include="assets\pokemon.png" />
    <Image Include="assets\sacha.png" />
    <Image Include="assets\menuBackground.jpg" />
  </ItemGroup>
  <ItemGroup>
    <Font Include="assets\pixelFont.ttf" />
  </ItemGroup>
  <ItemGroup>
    <None Include=".gitattributes" />
    <None Include=".gitignore" />
    <None Include="README.md" />
    <None Include="include\data\moves.json" />
    <None Include="include\data\pokedex.json" />
  </ItemGroup>
</Project>